
Microsoft Visual Studio Solution File, Format Version 12.00
# Visual Studio Version 16
VisualStudioVersion = 16.0.31605.320
MinimumVisualStudioVersion = 10.0.40219.1
Project("{FAE04EC0-301F-11D3-BF4B-00C04F79EFBC}") = "LibraryProgram", "LibraryProgram\LibraryProgram.csproj", "{167BC7F2-F7DB-40E0-BAC2-FBBF55BC6F0C}"
EndProject
Global
	GlobalSection(SolutionConfigurationPlatforms) = preSolution
		Debug|Any CPU = Debug|Any CPU
		Release|Any CPU = Release|Any CPU
	EndGlobalSection
	GlobalSection(ProjectConfigurationPlatforms) = postSolution
		{167BC7F2-F7DB-40E0-BAC2-FBBF55BC6F0C}.Debug|Any CPU.ActiveCfg = Debug|Any CPU
		{167BC7F2-F7DB-40E0-BAC2-FBBF55BC6F0C}.Debug|Any CPU.Build.0 = Debug|Any CPU
		{167BC7F2-F7DB-40E0-BAC2-FBBF55BC6F0C}.Release|Any CPU.ActiveCfg = Release|Any CPU
		{167BC7F2-F7DB-40E0-BAC2-FBBF55BC6F0C}.Release|Any CPU.Build.0 = Release|Any CPU
	EndGlobalSection
	GlobalSection(SolutionProperties) = preSolution
		HideSolutionNode = FALSE
	EndGlobalSection
	GlobalSection(ExtensibilityGlobals) = postSolution
		SolutionGuid = {80EBD6D3-5A86-49AF-8088-484B00AD072D}
	EndGlobalSection
EndGlobal
